
Microsoft Visual Studio Solution File, Format Version 12.00
# Visual Studio Version 17
VisualStudioVersion = 17.14.36511.14 d17.14
MinimumVisualStudioVersion = 10.0.40219.1
Project("{FAE04EC0-301F-11D3-BF4B-00C04F79EFBC}") = "Game1", "Game1\Game1.csproj", "{AB81F68E-8C78-4965-8F12-8BA4723FD1C5}"
EndProject
Global
	GlobalSection(SolutionConfigurationPlatforms) = preSolution
		Debug|Any CPU = Debug|Any CPU
		Release|Any CPU = Release|Any CPU
	EndGlobalSection
	GlobalSection(ProjectConfigurationPlatforms) = postSolution
		{AB81F68E-8C78-4965-8F12-8BA4723FD1C5}.Debug|Any CPU.ActiveCfg = Debug|Any CPU
		{AB81F68E-8C78-4965-8F12-8BA4723FD1C5}.Debug|Any CPU.Build.0 = Debug|Any CPU
		{AB81F68E-8C78-4965-8F12-8BA4723FD1C5}.Release|Any CPU.ActiveCfg = Release|Any CPU
		{AB81F68E-8C78-4965-8F12-8BA4723FD1C5}.Release|Any CPU.Build.0 = Release|Any CPU
	EndGlobalSection
	GlobalSection(SolutionProperties) = preSolution
		HideSolutionNode = FALSE
	EndGlobalSection
	GlobalSection(ExtensibilityGlobals) = postSolution
		SolutionGuid = {14530EC7-E4A2-4BEF-B993-F68E37E5E124}
	EndGlobalSection
EndGlobal
